
Microsoft Visual Studio Solution File, Format Version 12.00
# Visual Studio Version 16
VisualStudioVersion = 16.0.30104.148
MinimumVisualStudioVersion = 10.0.40219.1
Project("{FAE04EC0-301F-11D3-BF4B-00C04F79EFBC}") = "MyGroupKostyan", "MyGroupKostyan\MyGroupKostyan.csproj", "{4033ADE7-5BD0-46AD-9310-290F4362BE8E}"
EndProject
Global
	GlobalSection(SolutionConfigurationPlatforms) = preSolution
		Debug|Any CPU = Debug|Any CPU
		Release|Any CPU = Release|Any CPU
	EndGlobalSection
	GlobalSection(ProjectConfigurationPlatforms) = postSolution
		{4033ADE7-5BD0-46AD-9310-290F4362BE8E}.Debug|Any CPU.ActiveCfg = Debug|Any CPU
		{4033ADE7-5BD0-46AD-9310-290F4362BE8E}.Debug|Any CPU.Build.0 = Debug|Any CPU
		{4033ADE7-5BD0-46AD-9310-290F4362BE8E}.Release|Any CPU.ActiveCfg = Release|Any CPU
		{4033ADE7-5BD0-46AD-9310-290F4362BE8E}.Release|Any CPU.Build.0 = Release|Any CPU
	EndGlobalSection
	GlobalSection(SolutionProperties) = preSolution
		HideSolutionNode = FALSE
	EndGlobalSection
	GlobalSection(ExtensibilityGlobals) = postSolution
		SolutionGuid = {23AB2FA4-EF79-4343-9D62-CEC77BA31EB5}
	EndGlobalSection
EndGlobal
